{
  "originHash" : "61ef77a15274a7e99fa05ffcf95a96bb20f55c827942e5454c38f4fb268af60c",
  "pins" : [
    {
      "identity" : "clevertap-custom-templates-ios",
      "kind" : "remoteSourceControl",
      "location" : "https://github.com/CustomTemplates-CT/clevertap-custom-templates-ios.git",
      "state" : {
        "branch" : "master",
        "revision" : "3da603e56ed49e44c05e2060075ca1ea343367df"
      }
    }
  ],
  "version" : 3
}
